github.com/BurntSushi/toml v0.3.1/go.mod h1:xHWCNGjB5oqiDr8zfno3MHue2Ht5sIBksp03qcyfWMU=
github.com/coreos/go-systemd v0.0.0-20190719114852-fd7a80b32e1f h1:JOrtw2xFKzlg+cbHpyrpLDmnN1HqhBfnX7WDiW7eG2c=
github.com/coreos/go-systemd v0.0.0-20190719114852-fd7a80b32e1f/go.mod h1:F5haX7vjVVG0kc13fIWeqUViNPyEJxv/OmvnBo0Yme4=
github.com/fatih/color v1.7.0 h1:DkWD4oS2D8LGGgTQ6IvwJJXSL5Vp2ffcQg58nFV38Ys=
github.com/fatih/color v1.7.0/go.mod h1:Zm6kSWBoL9eyXnKyktHP6abPY2pDugNf5KwzbycvMj4=
github.com/gosuri/uitable v0.0.3 h1:9ZY4qCODg6JL1Ui4dL9LqCF4ghWnAOSV2h7xG98SkHE=
github.com/gosuri/uitable v0.0.3/go.mod h1:tKR86bXuXPZazfOTG1FIzvjIdXzd0mo4Vtn16vt0PJo=
github.com/howeyc/gopass v0.0.0-20170109162249-bf9dde6d0d2c h1:kQWxfPIHVLbgLzphqk3QUflDy9QdksZR4ygR807bpy0=
github.com/howeyc/gopass v0.0.0-20170109162249-bf9dde6d0d2c/go.mod h1:lADxMC39cJJqL93Duh1xhAs4I2Zs8mKS89XWXFGp9cs=
github.com/mattn/go-colorable v0.1.2 h1:/bC9yWikZXAL9uJdulbSfyVNIR3n3trXl+v8+1sx8mU=
github.com/mattn/go-colorable v0.1.2/go.mod h1:U0ppj6V5qS13XJ6of8GYAs25YV2eR4EVcfRqFIhoBtE=
github.com/mattn/go-isatty v0.0.8/go.mod h1:Iq45c/XA43vh69/j3iqttzPXn0bhXyGjM0Hdxcsrc5s=
github.com/mattn/go-isatty v0.0.9 h1:d5US/mDsogSGW37IV293h//ZFaeajb69h+EHFsv2xGg=
github.com/mattn/go-isatty v0.0.9/go.mod h1:YNRxwqDuOph6SZLI9vUUz6OYw3QyUt7WiY2yME+cCiQ=
github.com/mattn/go-runewidth v0.0.4 h1:2BvfKmzob6Bmd4YsL0zygOqfdFnK7GR4QL06Do4/p7Y=
github.com/mattn/go-runewidth v0.0.4/go.mod h1:LwmH8dsx7+W8Uxz3IHJYH5QSwggIsqBzpuz5H//U1FU=
github.com/nbutton23/zxcvbn-go v0.0.0-20180912185939-ae427f1e4c1d h1:AREM5mwr4u1ORQBMvzfzBgpsctsbQikCVpvC+tX285E=
github.com/nbutton23/zxcvbn-go v0.0.0-20180912185939-ae427f1e4c1d/go.mod h1:o96djdrsSGy3AWPyBgZMAGfxZNfgntdJG+11KU4QvbU=
github.com/urfave/cli v1.21.0 h1:wYSSj06510qPIzGSua9ZqsncMmWE3Zr55KBERygyrxE=
github.com/urfave/cli v1.21.0/go.mod h1:lxDj6qX9Q6lWQxIrbrT0nwecwUtRnhVZAJjJZrVUZZQ=
golang.org/x/crypto v0.0.0-20190308221718-c2843e01d9a2/go.mod h1:djNgcEr1/C05ACkg1iLfiJU5Ep61QUkGW8qpdssI0+w=
golang.org/x/crypto v0.0.0-20190701094942-4def268fd1a4 h1:HuIa8hRrWRSrqYzx1qI49NNxhdi2PrY7gxVSq1JjLDc=
golang.org/x/crypto v0.0.0-20190701094942-4def268fd1a4/go.mod h1:yigFU9vqHzYiE8UmvKecakEJjdnWj3jj499lnFckfCI=
golang.org/x/net v0.0.0-20190404232315-eb5bcb51f2a3/go.mod h1:t9HGtf8HONx5eT2rtn7q6eTqICYqUVnKs3thJo3Qplg=
golang.org/x/sys v0.0.0-20190215142949-d0b11bdaac8a/go.mod h1:STP8DvDyc/dI5b8T5hshtkjS+E42TnysNCUPdjciGhY=
golang.org/x/sys v0.0.0-20190222072716-a9d3bda3a223/go.mod h1:STP8DvDyc/dI5b8T5hshtkjS+E42TnysNCUPdjciGhY=
golang.org/x/sys v0.0.0-20190412213103-97732733099d h1:+R4KGOnez64A81RvjARKc4UT5/tI9ujCIVX+P5KiHuI=
golang.org/x/sys v0.0.0-20190412213103-97732733099d/go.mod h1:h1NjWce9XRLGQEsW7wpKNCjG9DtNlClVuFLEZdDNbEs=
golang.org/x/sys v0.0.0-20190813064441-fde4db37ae7a h1:aYOabOQFp6Vj6W1F80affTUvO9UxmJRx8K0gsfABByQ=
golang.org/x/sys v0.0.0-20190813064441-fde4db37ae7a/go.mod h1:h1NjWce9XRLGQEsW7wpKNCjG9DtNlClVuFLEZdDNbEs=
golang.org/x/text v0.3.0/go.mod h1:NqM8EUOU14njkJ3fqMW+pc6Ldnwhi/IjpwHt7yyuwOQ=
gopkg.in/check.v1 v0.0.0-20161208181325-20d25e280405/go.mod h1:Co6ibVJAznAaIkqp8huTwlJQCZ016jof/cbN4VW5Yz0=
gopkg.in/spreadspace/scryptauth.v2 v2.0.0-20160119001838-d2c0fcba7783 h1:jFQjb0EX7KZbncFa2MA3nTmtvijJLa76dp0gZKCpti4=
gopkg.in/spreadspace/scryptauth.v2 v2.0.0-20160119001838-d2c0fcba7783/go.mod h1:QqRNRCGuO4kuPa4MzrCXhA0+bvGze0vXYS6tM1MKeEE=
gopkg.in/yaml.v2 v2.2.2 h1:ZCJp+EgiOT7lHqUV2J862kp8Qj64Jo6az82+3Td9dZw=
gopkg.in/yaml.v2 v2.2.2/go.mod h1:hI93XBmqTisBFMUTm0b8Fm+jr3Dg1NNxqwp+5A1VGuI=
